// !$*UTF8*$!
{
	archiveVersion = 1;
	classes = {
	};
	objectVersion = 56;
	objects = {

/* Begin PBXBuildFile section */
		F323F7E229E43262002BD39E /* AppDelegate.swift in Sources */ = {isa = PBXBuildFile; fileRef = F323F7E129E43262002BD39E /* AppDelegate.swift */; };
		F323F7E429E43262002BD39E /* SceneDelegate.swift in Sources */ = {isa = PBXBuildFile; fileRef = F323F7E329E43262002BD39E /* SceneDelegate.swift */; };
		F323F7E629E43262002BD39E /* ViewController.swift in Sources */ = {isa = PBXBuildFile; fileRef = F323F7E529E43262002BD39E /* ViewController.swift */; };
		F323F7E929E43262002BD39E /* Main.storyboard in Resources */ = {isa = PBXBuildFile; fileRef = F323F7E729E43262002BD39E /* Main.storyboard */; };
		F323F7EB29E43264002BD39E /* Assets.xcassets in Resources */ = {isa = PBXBuildFile; fileRef = F323F7EA29E43264002BD39E /* Assets.xcassets */; };
		F323F7EE29E43264002BD39E /* LaunchScreen.storyboard in Resources */ = {isa = PBXBuildFile; fileRef = F323F7EC29E43264002BD39E /* LaunchScreen.storyboard */; };
		F323F7F929E43264002BD39E /* TapBarTests.swift in Sources */ = {isa = PBXBuildFile; fileRef = F323F7F829E43264002BD39E /* TapBarTests.swift */; };
		F323F80329E43264002BD39E /* TapBarUITests.swift in Sources */ = {isa = PBXBuildFile; fileRef = F323F80229E43264002BD39E /* TapBarUITests.swift */; };
		F323F80529E43264002BD39E /* TapBarUITestsLaunchTests.swift in Sources */ = {isa = PBXBuildFile; fileRef = F323F80429E43264002BD39E /* TapBarUITestsLaunchTests.swift */; };
/* End PBXBuildFile section */

/* Begin PBXContainerItemProxy section */
		F323F7F529E43264002BD39E /* PBXContainerItemProxy */ = {
			isa = PBXContainerItemProxy;
			containerPortal = F323F7D629E43262002BD39E /* Project object */;
			proxyType = 1;
			remoteGlobalIDString = F323F7DD29E43262002BD39E;
			remoteInfo = TapBar;
		};
		F323F7FF29E43264002BD39E /* PBXContainerItemProxy */ = {
			isa = PBXContainerItemProxy;
			containerPortal = F323F7D629E43262002BD39E /* Project object */;
			proxyType = 1;
			remoteGlobalIDString = F323F7DD29E43262002BD39E;
			remoteInfo = TapBar;
		};
/* End PBXContainerItemProxy section */

/* Begin PBXFileReference section */
		F323F7DE29E43262002BD39E /* TapBar.app */ = {isa = PBXFileReference; explicitFileType = wrapper.application; includeInIndex = 0; path = TapBar.app; sourceTree = BUILT_PRODUCTS_DIR; };
		F323F7E129E43262002BD39E /* AppDelegate.swift */ = {isa = PBXFileReference; lastKnownFileType = sourcecode.swift; path = AppDelegate.swift; sourceTree = "<group>"; };
		F323F7E329E43262002BD39E /* SceneDelegate.swift */ = {isa = PBXFileReference; lastKnownFileType = sourcecode.swift; path = SceneDelegate.swift; sourceTree = "<group>"; };
		F323F7E529E43262002BD39E /* ViewController.swift */ = {isa = PBXFileReference; lastKnownFileType = sourcecode.swift; path = ViewController.swift; sourceTree = "<group>"; };
		F323F7E829E43262002BD39E /* Base */ = {isa = PBXFileReference; lastKnownFileType = file.storyboard; name = Base; path = Base.lproj/Main.storyboard; sourceTree = "<group>"; };
		F323F7EA29E43264002BD39E /* Assets.xcassets */ = {isa = PBXFileReference; lastKnownFileType = folder.assetcatalog; path = Assets.xcassets; sourceTree = "<group>"; };
		F323F7ED29E43264002BD39E /* Base */ = {isa = PBXFileReference; lastKnownFileType = file.storyboard; name = Base; path = Base.lproj/LaunchScreen.storyboard; sourceTree = "<group>"; };
		F323F7EF29E43264002BD39E /* Info.plist */ = {isa = PBXFileReference; lastKnownFileType = text.plist.xml; path = Info.plist; sourceTree = "<group>"; };
		F323F7F429E43264002BD39E /* TapBarTests.xctest */ = {isa = PBXFileReference; explicitFileType = wrapper.cfbundle; includeInIndex = 0; path = TapBarTests.xctest; sourceTree = BUILT_PRODUCTS_DIR; };
		F323F7F829E43264002BD39E /* TapBarTests.swift */ = {isa = PBXFileReference; lastKnownFileType = sourcecode.swift; path = TapBarTests.swift; sourceTree = "<group>"; };
		F323F7FE29E43264002BD39E /* TapBarUITests.xctest */ = {isa = PBXFileReference; explicitFileType = wrapper.cfbundle; includeInIndex = 0; path = TapBarUITests.xctest; sourceTree = BUILT_PRODUCTS_DIR; };
		F323F80229E43264002BD39E /* TapBarUITests.swift */ = {isa = PBXFileReference; lastKnownFileType = sourcecode.swift; path = TapBarUITests.swift; sourceTree = "<group>"; };
		F323F80429E43264002BD39E /* TapBarUITestsLaunchTests.swift */ = {isa = PBXFileReference; lastKnownFileType = sourcecode.swift; path = TapBarUITestsLaunchTests.swift; sourceTree = "<group>"; };
/* End PBXFileReference section */

/* Begin PBXFrameworksBuildPhase section */
		F323F7DB29E43262002BD39E /* Frameworks */ = {
			isa = PBXFrameworksBuildPhase;
			buildActionMask = 2147483647;
			files = (
			);
			runOnlyForDeploymentPostprocessing = 0;
		};
		F323F7F129E43264002BD39E /* Frameworks */ = {
			isa = PBXFrameworksBuildPhase;
			buildActionMask = 2147483647;
			files = (
			);
			runOnlyForDeploymentPostprocessing = 0;
		};
		F323F7FB29E43264002BD39E /* Frameworks */ = {
			isa = PBXFrameworksBuildPhase;
			buildActionMask = 2147483647;
			files = (
			);
			runOnlyForDeploymentPostprocessing = 0;
		};
/* End PBXFrameworksBuildPhase section */

/* Begin PBXGroup section */
		F323F7D529E43262002BD39E = {
			isa = PBXGroup;
			children = (
				F323F7E029E43262002BD39E /* TapBar */,
				F323F7F729E43264002BD39E /* TapBarTests */,
				F323F80129E43264002BD39E /* TapBarUITests */,
				F323F7DF29E43262002BD39E /* Products */,
			);
			sourceTree = "<group>";
		};
		F323F7DF29E43262002BD39E /* Products */ = {
			isa = PBXGroup;
			children = (
				F323F7DE29E43262002BD39E /* TapBar.app */,
				F323F7F429E43264002BD39E /* TapBarTests.xctest */,
				F323F7FE29E43264002BD39E /* TapBarUITests.xctest */,
			);
			name = Products;
			sourceTree = "<group>";
		};
		F323F7E029E43262002BD39E /* TapBar */ = {
			isa = PBXGroup;
			children = (
				F323F7E129E43262002BD39E /* AppDelegate.swift */,
				F323F7E329E43262002BD39E /* SceneDelegate.swift */,
				F323F7E529E43262002BD39E /* ViewController.swift */,
				F323F7E729E43262002BD39E /* Main.storyboard */,
				F323F7EA29E43264002BD39E /* Assets.xcassets */,
				F323F7EC29E43264002BD39E /* LaunchScreen.storyboard */,
				F323F7EF29E43264002BD39E /* Info.plist */,
			);
			path = TapBar;
			sourceTree = "<group>";
		};
		F323F7F729E43264002BD39E /* TapBarTests */ = {
			isa = PBXGroup;
			children = (
				F323F7F829E43264002BD39E /* TapBarTests.swift */,
			);
			path = TapBarTests;
			sourceTree = "<group>";
		};
		F323F80129E43264002BD39E /* TapBarUITests */ = {
			isa = PBXGroup;
			children = (
				F323F80229E43264002BD39E /* TapBarUITests.swift */,
				F323F80429E43264002BD39E /* TapBarUITestsLaunchTests.swift */,
			);
			path = TapBarUITests;
			sourceTree = "<group>";
		};
/* End PBXGroup section */

/* Begin PBXNativeTarget section */
		F323F7DD29E43262002BD39E /* TapBar */ = {
			isa = PBXNativeTarget;
			buildConfigurationList = F323F80829E43264002BD39E /* Build configuration list for PBXNativeTarget "TapBar" */;
			buildPhases = (
				F323F7DA29E43262002BD39E /* Sources */,
				F323F7DB29E43262002BD39E /* Frameworks */,
				F323F7DC29E43262002BD39E /* Resources */,
			);
			buildRules = (
			);
			dependencies = (
			);
			name = TapBar;
			productName = TapBar;
			productReference = F323F7DE29E43262002BD39E /* TapBar.app */;
			productType = "com.apple.product-type.application";
		};
		F323F7F329E43264002BD39E /* TapBarTests */ = {
			isa = PBXNativeTarget;
			buildConfigurationList = F323F80B29E43264002BD39E /* Build configuration list for PBXNativeTarget "TapBarTests" */;
			buildPhases = (
				F323F7F029E43264002BD39E /* Sources */,
				F323F7F129E43264002BD39E /* Frameworks */,
				F323F7F229E43264002BD39E /* Resources */,
			);
			buildRules = (
			);
			dependencies = (
				F323F7F629E43264002BD39E /* PBXTargetDependency */,
			);
			name = TapBarTests;
			productName = TapBarTests;
			productReference = F323F7F429E43264002BD39E /* TapBarTests.xctest */;
			productType = "com.apple.product-type.bundle.unit-test";
		};
		F323F7FD29E43264002BD39E /* TapBarUITests */ = {
			isa = PBXNativeTarget;
			buildConfigurationList = F323F80E29E43264002BD39E /* Build configuration list for PBXNativeTarget "TapBarUITests" */;
			buildPhases = (
				F323F7FA29E43264002BD39E /* Sources */,
				F323F7FB29E43264002BD39E /* Frameworks */,
				F323F7FC29E43264002BD39E /* Resources */,
			);
			buildRules = (
			);
			dependencies = (
				F323F80029E43264002BD39E /* PBXTargetDependency */,
			);
			name = TapBarUITests;
			productName = TapBarUITests;
			productReference = F323F7FE29E43264002BD39E /* TapBarUITests.xctest */;
			productType = "com.apple.product-type.bundle.ui-testing";
		};
/* End PBXNativeTarget section */

/* Begin PBXProject section */
		F323F7D629E43262002BD39E /* Project object */ = {
			isa = PBXProject;
			attributes = {
				BuildIndependentTargetsInParallel = 1;
				LastSwiftUpdateCheck = 1410;
				LastUpgradeCheck = 1410;
				TargetAttributes = {
					F323F7DD29E43262002BD39E = {
						CreatedOnToolsVersion = 14.1;
					};
					F323F7F329E43264002BD39E = {
						CreatedOnToolsVersion = 14.1;
						TestTargetID = F323F7DD29E43262002BD39E;
					};
					F323F7FD29E43264002BD39E = {
						CreatedOnToolsVersion = 14.1;
						TestTargetID = F323F7DD29E43262002BD39E;
					};
				};
			};
			buildConfigurationList = F323F7D929E43262002BD39E /* Build configuration list for PBXProject "TapBar" */;
			compatibilityVersion = "Xcode 14.0";
			developmentRegion = en;
			hasScannedForEncodings = 0;
			knownRegions = (
				en,
				Base,
			);
			mainGroup = F323F7D529E43262002BD39E;
			productRefGroup = F323F7DF29E43262002BD39E /* Products */;
			projectDirPath = "";
			projectRoot = "";
			targets = (
				F323F7DD29E43262002BD39E /* TapBar */,
				F323F7F329E43264002BD39E /* TapBarTests */,
				F323F7FD29E43264002BD39E /* TapBarUITests */,
			);
		};
/* End PBXProject section */

/* Begin PBXResourcesBuildPhase section */
		F323F7DC29E43262002BD39E /* Resources */ = {
			isa = PBXResourcesBuildPhase;
			buildActionMask = 2147483647;
			files = (
				F323F7EE29E43264002BD39E /* LaunchScreen.storyboard in Resources */,
				F323F7EB29E43264002BD39E /* Assets.xcassets in Resources */,
				F323F7E929E43262002BD39E /* Main.storyboard in Resources */,
			);
			runOnlyForDeploymentPostprocessing = 0;
		};
		F323F7F229E43264002BD39E /* Resources */ = {
			isa = PBXResourcesBuildPhase;
			buildActionMask = 2147483647;
			files = (
			);
			runOnlyForDeploymentPostprocessing = 0;
		};
		F323F7FC29E43264002BD39E /* Resources */ = {
			isa = PBXResourcesBuildPhase;
			buildActionMask = 2147483647;
			files = (
			);
			runOnlyForDeploymentPostprocessing = 0;
		};
/* End PBXResourcesBuildPhase section */

/* Begin PBXSourcesBuildPhase section */
		F323F7DA29E43262002BD39E /* Sources */ = {
			isa = PBXSourcesBuildPhase;
			buildActionMask = 2147483647;
			files = (
				F323F7E629E43262002BD39E /* ViewController.swift in Sources */,
				F323F7E229E43262002BD39E /* AppDelegate.swift in Sources */,
				F323F7E429E43262002BD39E /* SceneDelegate.swift in Sources */,
			);
			runOnlyForDeploymentPostprocessing = 0;
		};
		F323F7F029E43264002BD39E /* Sources */ = {
			isa = PBXSourcesBuildPhase;
			buildActionMask = 2147483647;
			files = (
				F323F7F929E43264002BD39E /* TapBarTests.swift in Sources */,
			);
			runOnlyForDeploymentPostprocessing = 0;
		};
		F323F7FA29E43264002BD39E /* Sources */ = {
			isa = PBXSourcesBuildPhase;
			buildActionMask = 2147483647;
			files = (
				F323F80529E43264002BD39E /* TapBarUITestsLaunchTests.swift in Sources */,
				F323F80329E43264002BD39E /* TapBarUITests.swift in Sources */,
			);
			runOnlyForDeploymentPostprocessing = 0;
		};
/* End PBXSourcesBuildPhase section */

/* Begin PBXTargetDependency section */
		F323F7F629E43264002BD39E /* PBXTargetDependency */ = {
			isa = PBXTargetDependency;
			target = F323F7DD29E43262002BD39E /* TapBar */;
			targetProxy = F323F7F529E43264002BD39E /* PBXContainerItemProxy */;
		};
		F323F80029E43264002BD39E /* PBXTargetDependency */ = {
			isa = PBXTargetDependency;
			target = F323F7DD29E43262002BD39E /* TapBar */;
			targetProxy = F323F7FF29E43264002BD39E /* PBXContainerItemProxy */;
		};
/* End PBXTargetDependency section */

/* Begin PBXVariantGroup section */
		F323F7E729E43262002BD39E /* Main.storyboard */ = {
			isa = PBXVariantGroup;
			children = (
				F323F7E829E43262002BD39E /* Base */,
			);
			name = Main.storyboard;
			sourceTree = "<group>";
		};
		F323F7EC29E43264002BD39E /* LaunchScreen.storyboard */ = {
			isa = PBXVariantGroup;
			children = (
				F323F7ED29E43264002BD39E /* Base */,
			);
			name = LaunchScreen.storyboard;
			sourceTree = "<group>";
		};
/* End PBXVariantGroup section */

/* Begin XCBuildConfiguration section */
		F323F80629E43264002BD39E /* Debug */ = {
			isa = XCBuildConfiguration;
			buildSettings = {
				ALWAYS_SEARCH_USER_PATHS = NO;
				CLANG_ANALYZER_NONNULL = YES;
				CLANG_ANALYZER_NUMBER_OBJECT_CONVERSION = YES_AGGRESSIVE;
				CLANG_CXX_LANGUAGE_STANDARD = "gnu++20";
				CLANG_ENABLE_MODULES = YES;
				CLANG_ENABLE_OBJC_ARC = YES;
				CLANG_ENABLE_OBJC_WEAK = YES;
				CLANG_WARN_BLOCK_CAPTURE_AUTORELEASING = YES;
				CLANG_WARN_BOOL_CONVERSION = YES;
				CLANG_WARN_COMMA = YES;
				CLANG_WARN_CONSTANT_CONVERSION = YES;
				CLANG_WARN_DEPRECATED_OBJC_IMPLEMENTATIONS = YES;
				CLANG_WARN_DIRECT_OBJC_ISA_USAGE = YES_ERROR;
				CLANG_WARN_DOCUMENTATION_COMMENTS = YES;
				CLANG_WARN_EMPTY_BODY = YES;
				CLANG_WARN_ENUM_CONVERSION = YES;
				CLANG_WARN_INFINITE_RECURSION = YES;
				CLANG_WARN_INT_CONVERSION = YES;
				CLANG_WARN_NON_LITERAL_NULL_CONVERSION = YES;
				CLANG_WARN_OBJC_IMPLICIT_RETAIN_SELF = YES;
				CLANG_WARN_OBJC_LITERAL_CONVERSION = YES;
				CLANG_WARN_OBJC_ROOT_CLASS = YES_ERROR;
				CLANG_WARN_QUOTED_INCLUDE_IN_FRAMEWORK_HEADER = YES;
				CLANG_WARN_RANGE_LOOP_ANALYSIS = YES;
				CLANG_WARN_STRICT_PROTOTYPES = YES;
				CLANG_WARN_SUSPICIOUS_MOVE = YES;
				CLANG_WARN_UNGUARDED_AVAILABILITY = YES_AGGRESSIVE;
				CLANG_WARN_UNREACHABLE_CODE = YES;
				CLANG_WARN__DUPLICATE_METHOD_MATCH = YES;
				COPY_PHASE_STRIP = NO;
				DEBUG_INFORMATION_FORMAT = dwarf;
				ENABLE_STRICT_OBJC_MSGSEND = YES;
				ENABLE_TESTABILITY = YES;
				GCC_C_LANGUAGE_STANDARD = gnu11;
				GCC_DYNAMIC_NO_PIC = NO;
				GCC_NO_COMMON_BLOCKS = YES;
				GCC_OPTIMIZATION_LEVEL = 0;
				GCC_PREPROCESSOR_DEFINITIONS = (
					"DEBUG=1",
					"$(inherited)",
				);
				GCC_WARN_64_TO_32_BIT_CONVERSION = YES;
				GCC_WARN_ABOUT_RETURN_TYPE = YES_ERROR;
				GCC_WARN_UNDECLARED_SELECTOR = YES;
				GCC_WARN_UNINITIALIZED_AUTOS = YES_AGGRESSIVE;
				GCC_WARN_UNUSED_FUNCTION = YES;
				GCC_WARN_UNUSED_VARIABLE = YES;
				IPHONEOS_DEPLOYMENT_TARGET = 16.1;
				MTL_ENABLE_DEBUG_INFO = INCLUDE_SOURCE;
				MTL_FAST_MATH = YES;
				ONLY_ACTIVE_ARCH = YES;
				SDKROOT = iphoneos;
				SWIFT_ACTIVE_COMPILATION_CONDITIONS = DEBUG;
				SWIFT_OPTIMIZATION_LEVEL = "-Onone";
			};
			name = Debug;
		};
		F323F80729E43264002BD39E /* Release */ = {
			isa = XCBuildConfiguration;
			buildSettings = {
				ALWAYS_SEARCH_USER_PATHS = NO;
				CLANG_ANALYZER_NONNULL = YES;
				CLANG_ANALYZER_NUMBER_OBJECT_CONVERSION = YES_AGGRESSIVE;
				CLANG_CXX_LANGUAGE_STANDARD = "gnu++20";
				CLANG_ENABLE_MODULES = YES;
				CLANG_ENABLE_OBJC_ARC = YES;
				CLANG_ENABLE_OBJC_WEAK = YES;
				CLANG_WARN_BLOCK_CAPTURE_AUTORELEASING = YES;
				CLANG_WARN_BOOL_CONVERSION = YES;
				CLANG_WARN_COMMA = YES;
				CLANG_WARN_CONSTANT_CONVERSION = YES;
				CLANG_WARN_DEPRECATED_OBJC_IMPLEMENTATIONS = YES;
				CLANG_WARN_DIRECT_OBJC_ISA_USAGE = YES_ERROR;
				CLANG_WARN_DOCUMENTATION_COMMENTS = YES;
				CLANG_WARN_EMPTY_BODY = YES;
				CLANG_WARN_ENUM_CONVERSION = YES;
				CLANG_WARN_INFINITE_RECURSION = YES;
				CLANG_WARN_INT_CONVERSION = YES;
				CLANG_WARN_NON_LITERAL_NULL_CONVERSION = YES;
				CLANG_WARN_OBJC_IMPLICIT_RETAIN_SELF = YES;
				CLANG_WARN_OBJC_LITERAL_CONVERSION = YES;
				CLANG_WARN_OBJC_ROOT_CLASS = YES_ERROR;
				CLANG_WARN_QUOTED_INCLUDE_IN_FRAMEWORK_HEADER = YES;
				CLANG_WARN_RANGE_LOOP_ANALYSIS = YES;
				CLANG_WARN_STRICT_PROTOTYPES = YES;
				CLANG_WARN_SUSPICIOUS_MOVE = YES;
				CLANG_WARN_UNGUARDED_AVAILABILITY = YES_AGGRESSIVE;
				CLANG_WARN_UNREACHABLE_CODE = YES;
				CLANG_WARN__DUPLICATE_METHOD_MATCH = YES;
				COPY_PHASE_STRIP = NO;
				DEBUG_INFORMATION_FORMAT = "dwarf-with-dsym";
				ENABLE_NS_ASSERTIONS = NO;
				ENABLE_STRICT_OBJC_MSGSEND = YES;
				GCC_C_LANGUAGE_STANDARD = gnu11;
				GCC_NO_COMMON_BLOCKS = YES;
				GCC_WARN_64_TO_32_BIT_CONVERSION = YES;
				GCC_WARN_ABOUT_RETURN_TYPE = YES_ERROR;
				GCC_WARN_UNDECLARED_SELECTOR = YES;
				GCC_WARN_UNINITIALIZED_AUTOS = YES_AGGRESSIVE;
				GCC_WARN_UNUSED_FUNCTION = YES;
				GCC_WARN_UNUSED_VARIABLE = YES;
				IPHONEOS_DEPLOYMENT_TARGET = 16.1;
				MTL_ENABLE_DEBUG_INFO = NO;
				MTL_FAST_MATH = YES;
				SDKROOT = iphoneos;
				SWIFT_COMPILATION_MODE = wholemodule;
				SWIFT_OPTIMIZATION_LEVEL = "-O";
				VALIDATE_PRODUCT = YES;
			};
			name = Release;
		};
		F323F80929E43264002BD39E /* Debug */ = {
			isa = XCBuildConfiguration;
			buildSettings = {
				ASSETCATALOG_COMPILER_APPICON_NAME = AppIcon;
				ASSETCATALOG_COMPILER_GLOBAL_ACCENT_COLOR_NAME = AccentColor;
				CODE_SIGN_STYLE = Automatic;
				CURRENT_PROJECT_VERSION = 1;
				DEVELOPMENT_TEAM = SD48432CPV;
				GENERATE_INFOPLIST_FILE = YES;
				INFOPLIST_FILE = TapBar/Info.plist;
				INFOPLIST_KEY_UIApplicationSupportsIndirectInputEvents = YES;
				INFOPLIST_KEY_UILaunchStoryboardName = LaunchScreen;
				INFOPLIST_KEY_UIMainStoryboardFile = Main;
				INFOPLIST_KEY_UISupportedInterfaceOrientations_iPad = "UIInterfaceOrientationPortrait UIInterfaceOrientationPortraitUpsideDown UIInterfaceOrientationLandscapeLeft UIInterfaceOrientationLandscapeRight";
				INFOPLIST_KEY_UISupportedInterfaceOrientations_iPhone = "UIInterfaceOrientationPortrait UIInterfaceOrientationLandscapeLeft UIInterfaceOrientationLandscapeRight";
				LD_RUNPATH_SEARCH_PATHS = (
					"$(inherited)",
					"@executable_path/Frameworks",
				);
				MARKETING_VERSION = 1.0;
				PRODUCT_BUNDLE_IDENTIFIER = tony.chen.TapBar;
				PRODUCT_NAME = "$(TARGET_NAME)";
				SWIFT_EMIT_LOC_STRINGS = YES;
				SWIFT_VERSION = 5.0;
				TARGETED_DEVICE_FAMILY = "1,2";
			};
			name = Debug;
		};
		F323F80A29E43264002BD39E /* Release */ = {
			isa = XCBuildConfiguration;
			buildSettings = {
				ASSETCATALOG_COMPILER_APPICON_NAME = AppIcon;
				ASSETCATALOG_COMPILER_GLOBAL_ACCENT_COLOR_NAME = AccentColor;
				CODE_SIGN_STYLE = Automatic;
				CURRENT_PROJECT_VERSION = 1;
				DEVELOPMENT_TEAM = SD48432CPV;
				GENERATE_INFOPLIST_FILE = YES;
				INFOPLIST_FILE = TapBar/Info.plist;
				INFOPLIST_KEY_UIApplicationSupportsIndirectInputEvents = YES;
				INFOPLIST_KEY_UILaunchStoryboardName = LaunchScreen;
				INFOPLIST_KEY_UIMainStoryboardFile = Main;
				INFOPLIST_KEY_UISupportedInterfaceOrientations_iPad = "UIInterfaceOrientationPortrait UIInterfaceOrientationPortraitUpsideDown UIInterfaceOrientationLandscapeLeft UIInterfaceOrientationLandscapeRight";
				INFOPLIST_KEY_UISupportedInterfaceOrientations_iPhone = "UIInterfaceOrientationPortrait UIInterfaceOrientationLandscapeLeft UIInterfaceOrientationLandscapeRight";
				LD_RUNPATH_SEARCH_PATHS = (
					"$(inherited)",
					"@executable_path/Frameworks",
				);
				MARKETING_VERSION = 1.0;
				PRODUCT_BUNDLE_IDENTIFIER = tony.chen.TapBar;
				PRODUCT_NAME = "$(TARGET_NAME)";
				SWIFT_EMIT_LOC_STRINGS = YES;
				SWIFT_VERSION = 5.0;
				TARGETED_DEVICE_FAMILY = "1,2";
			};
			name = Release;
		};
		F323F80C29E43264002BD39E /* Debug */ = {
			isa = XCBuildConfiguration;
			buildSettings = {
				ALWAYS_EMBED_SWIFT_STANDARD_LIBRARIES = YES;
				BUNDLE_LOADER = "$(TEST_HOST)";
				CODE_SIGN_STYLE = Automatic;
				CURRENT_PROJECT_VERSION = 1;
				DEVELOPMENT_TEAM = SD48432CPV;
				GENERATE_INFOPLIST_FILE = YES;
				IPHONEOS_DEPLOYMENT_TARGET = 16.1;
				MARKETING_VERSION = 1.0;
				PRODUCT_BUNDLE_IDENTIFIER = tony.chen.TapBarTests;
				PRODUCT_NAME = "$(TARGET_NAME)";
				SWIFT_EMIT_LOC_STRINGS = NO;
				SWIFT_VERSION = 5.0;
				TARGETED_DEVICE_FAMILY = "1,2";
				TEST_HOST = "$(BUILT_PRODUCTS_DIR)/TapBar.app/$(BUNDLE_EXECUTABLE_FOLDER_PATH)/TapBar";
			};
			name = Debug;
		};
		F323F80D29E43264002BD39E /* Release */ = {
			isa = XCBuildConfiguration;
			buildSettings = {
				ALWAYS_EMBED_SWIFT_STANDARD_LIBRARIES = YES;
				BUNDLE_LOADER = "$(TEST_HOST)";
				CODE_SIGN_STYLE = Automatic;
				CURRENT_PROJECT_VERSION = 1;
				DEVELOPMENT_TEAM = SD48432CPV;
				GENERATE_INFOPLIST_FILE = YES;
				IPHONEOS_DEPLOYMENT_TARGET = 16.1;
				MARKETING_VERSION = 1.0;
				PRODUCT_BUNDLE_IDENTIFIER = tony.chen.TapBarTests;
				PRODUCT_NAME = "$(TARGET_NAME)";
				SWIFT_EMIT_LOC_STRINGS = NO;
				SWIFT_VERSION = 5.0;
				TARGETED_DEVICE_FAMILY = "1,2";
				TEST_HOST = "$(BUILT_PRODUCTS_DIR)/TapBar.app/$(BUNDLE_EXECUTABLE_FOLDER_PATH)/TapBar";
			};
			name = Release;
		};
		F323F80F29E43264002BD39E /* Debug */ = {
			isa = XCBuildConfiguration;
			buildSettings = {
				ALWAYS_EMBED_SWIFT_STANDARD_LIBRARIES = YES;
				CODE_SIGN_STYLE = Automatic;
				CURRENT_PROJECT_VERSION = 1;
				DEVELOPMENT_TEAM = SD48432CPV;
				GENERATE_INFOPLIST_FILE = YES;
				MARKETING_VERSION = 1.0;
				PRODUCT_BUNDLE_IDENTIFIER = tony.chen.TapBarUITests;
				PRODUCT_NAME = "$(TARGET_NAME)";
				SWIFT_EMIT_LOC_STRINGS = NO;
				SWIFT_VERSION = 5.0;
				TARGETED_DEVICE_FAMILY = "1,2";
				TEST_TARGET_NAME = TapBar;
			};
			name = Debug;
		};
		F323F81029E43264002BD39E /* Release */ = {
			isa = XCBuildConfiguration;
			buildSettings = {
				ALWAYS_EMBED_SWIFT_STANDARD_LIBRARIES = YES;
				CODE_SIGN_STYLE = Automatic;
				CURRENT_PROJECT_VERSION = 1;
				DEVELOPMENT_TEAM = SD48432CPV;
				GENERATE_INFOPLIST_FILE = YES;
				MARKETING_VERSION = 1.0;
				PRODUCT_BUNDLE_IDENTIFIER = tony.chen.TapBarUITests;
				PRODUCT_NAME = "$(TARGET_NAME)";
				SWIFT_EMIT_LOC_STRINGS = NO;
				SWIFT_VERSION = 5.0;
				TARGETED_DEVICE_FAMILY = "1,2";
				TEST_TARGET_NAME = TapBar;
			};
			name = Release;
		};
/* End XCBuildConfiguration section */

/* Begin XCConfigurationList section */
		F323F7D929E43262002BD39E /* Build configuration list for PBXProject "TapBar" */ = {
			isa = XCConfigurationList;
			buildConfigurations = (
				F323F80629E43264002BD39E /* Debug */,
				F323F80729E43264002BD39E /* Release */,
			);
			defaultConfigurationIsVisible = 0;
			defaultConfigurationName = Release;
		};
		F323F80829E43264002BD39E /* Build configuration list for PBXNativeTarget "TapBar" */ = {
			isa = XCConfigurationList;
			buildConfigurations = (
				F323F80929E43264002BD39E /* Debug */,
				F323F80A29E43264002BD39E /* Release */,
			);
			defaultConfigurationIsVisible = 0;
			defaultConfigurationName = Release;
		};
		F323F80B29E43264002BD39E /* Build configuration list for PBXNativeTarget "TapBarTests" */ = {
			isa = XCConfigurationList;
			buildConfigurations = (
				F323F80C29E43264002BD39E /* Debug */,
				F323F80D29E43264002BD39E /* Release */,
			);
			defaultConfigurationIsVisible = 0;
			defaultConfigurationName = Release;
		};
		F323F80E29E43264002BD39E /* Build configuration list for PBXNativeTarget "TapBarUITests" */ = {
			isa = XCConfigurationList;
			buildConfigurations = (
				F323F80F29E43264002BD39E /* Debug */,
				F323F81029E43264002BD39E /* Release */,
			);
			defaultConfigurationIsVisible = 0;
			defaultConfigurationName = Release;
		};
/* End XCConfigurationList section */
	};
	rootObject = F323F7D629E43262002BD39E /* Project object */;
}
